dependencies:
- name: ds-common
  repository: file://../../ds-common
  version: 0.1.0
- name: keycloak
  repository: file://keycloak
  version: 0.1.0
- name: keycloak-db
  repository: file://keycloak-db
  version: 0.1.0
digest: sha256:b94a6d9e702de201bf3046deb02f076e8f87ba868fd773347a2791e25ecfd1c6
generated: "2024-12-30T17:37:54.755646-05:00"
